
Microsoft Visual Studio Solution File, Format Version 12.00
# Visual Studio Version 17
VisualStudioVersion = 17.8.34330.188
MinimumVisualStudioVersion = 10.0.40219.1
Project("{FAE04EC0-301F-11D3-BF4B-00C04F79EFBC}") = "NumberParser", "NumberParser.csproj", "{55F77A22-A1C7-41FF-8537-FD357E0E5CE0}"
EndProject
Global
	GlobalSection(SolutionConfigurationPlatforms) = preSolution
		Debug|Any CPU = Debug|Any CPU
		Release|Any CPU = Release|Any CPU
	EndGlobalSection
	GlobalSection(ProjectConfigurationPlatforms) = postSolution
		{55F77A22-A1C7-41FF-8537-FD357E0E5CE0}.Debug|Any CPU.ActiveCfg = Debug|Any CPU
		{55F77A22-A1C7-41FF-8537-FD357E0E5CE0}.Debug|Any CPU.Build.0 = Debug|Any CPU
		{55F77A22-A1C7-41FF-8537-FD357E0E5CE0}.Release|Any CPU.ActiveCfg = Release|Any CPU
		{55F77A22-A1C7-41FF-8537-FD357E0E5CE0}.Release|Any CPU.Build.0 = Release|Any CPU
	EndGlobalSection
	GlobalSection(SolutionProperties) = preSolution
		HideSolutionNode = FALSE
	EndGlobalSection
	GlobalSection(ExtensibilityGlobals) = postSolution
		SolutionGuid = {B4D7968D-6993-4E1A-89D4-27D1464E8EF4}
	EndGlobalSection
EndGlobal
